// !$*UTF8*$!
{
	archiveVersion = 1;
	classes = {
	};
	objectVersion = 48;
	objects = {

/* Begin PBXBuildFile section */
		B736ACED7E2A8E128F1E70F7 /* libPods-RNHybirdUITests.a in Frameworks */ = {isa = PBXBuildFile; fileRef = EA403C5AE3534BC909C8C109 /* libPods-RNHybirdUITests.a */; };
		C00A1BC42011C90F0024DEBA /* RNBridgeModuleClient.m in Sources */ = {isa = PBXBuildFile; fileRef = C00A1BC32011C90F0024DEBA /* RNBridgeModuleClient.m */; };
		C00A1BC72011CB440024DEBA /* RNMessageDispatcher.m in Sources */ = {isa = PBXBuildFile; fileRef = C00A1BC62011CB440024DEBA /* RNMessageDispatcher.m */; };
		C00A1BD02011D14D0024DEBA /* NSObject+GetRNMessageDispatcher.m in Sources */ = {isa = PBXBuildFile; fileRef = C00A1BCF2011D14D0024DEBA /* NSObject+GetRNMessageDispatcher.m */; };
		C00A1BE12015AE2B0024DEBA /* UIViewController+RNBridgeClient.m in Sources */ = {isa = PBXBuildFile; fileRef = C00A1BE02015AE2B0024DEBA /* UIViewController+RNBridgeClient.m */; };
		C0489D3C20118CE100794DF8 /* AppDelegate.m in Sources */ = {isa = PBXBuildFile; fileRef = C0489D3B20118CE100794DF8 /* AppDelegate.m */; };
		C0489D3F20118CE100794DF8 /* ViewController.m in Sources */ = {isa = PBXBuildFile; fileRef = C0489D3E20118CE100794DF8 /* ViewController.m */; };
		C0489D4220118CE100794DF8 /* Main.storyboard in Resources */ = {isa = PBXBuildFile; fileRef = C0489D4020118CE100794DF8 /* Main.storyboard */; };
		C0489D4420118CE100794DF8 /* Assets.xcassets in Resources */ = {isa = PBXBuildFile; fileRef = C0489D4320118CE100794DF8 /* Assets.xcassets */; };
		C0489D4720118CE100794DF8 /* LaunchScreen.storyboard in Resources */ = {isa = PBXBuildFile; fileRef = C0489D4520118CE100794DF8 /* LaunchScreen.storyboard */; };
		C0489D4A20118CE100794DF8 /* main.m in Sources */ = {isa = PBXBuildFile; fileRef = C0489D4920118CE100794DF8 /* main.m */; };
		C0489D5420118CE100794DF8 /* RNHybirdTests.m in Sources */ = {isa = PBXBuildFile; fileRef = C0489D5320118CE100794DF8 /* RNHybirdTests.m */; };
		C0489D5F20118CE100794DF8 /* RNHybirdUITests.m in Sources */ = {isa = PBXBuildFile; fileRef = C0489D5E20118CE100794DF8 /* RNHybirdUITests.m */; };
		C0489E4020119A6700794DF8 /* libReact.a in Frameworks */ = {isa = PBXBuildFile; fileRef = C0489E4120119A6700794DF8 /* libReact.a */; };
		CBB5026F9BFC70FB862C11B6 /* libPods-RNHybird.a in Frameworks */ = {isa = PBXBuildFile; fileRef = AE9A616EB3903878278268C9 /* libPods-RNHybird.a */; };
		D3F7609CA46C9023D637F169 /* libPods-RNHybirdTests.a in Frameworks */ = {isa = PBXBuildFile; fileRef = 5D07E2B777EA9157C39E3927 /* libPods-RNHybirdTests.a */; };
/* End PBXBuildFile section */

/* Begin PBXContainerItemProxy section */
		C0489D5020118CE100794DF8 /* PBXContainerItemProxy */ = {
			isa = PBXContainerItemProxy;
			containerPortal = C0489D2F20118CE100794DF8 /* Project object */;
			proxyType = 1;
			remoteGlobalIDString = C0489D3620118CE100794DF8;
			remoteInfo = RNHybird;
		};
		C0489D5B20118CE100794DF8 /* PBXContainerItemProxy */ = {
			isa = PBXContainerItemProxy;
			containerPortal = C0489D2F20118CE100794DF8 /* Project object */;
			proxyType = 1;
			remoteGlobalIDString = C0489D3620118CE100794DF8;
			remoteInfo = RNHybird;
		};
/* End PBXContainerItemProxy section */

/* Begin PBXFileReference section */
		19B396471CF0D09BF38966C9 /* Pods-RNHybird.debug.xcconfig */ = {isa = PBXFileReference; includeInIndex = 1; lastKnownFileType = text.xcconfig; name = "Pods-RNHybird.debug.xcconfig"; path = "Pods/Target Support Files/Pods-RNHybird/Pods-RNHybird.debug.xcconfig"; sourceTree = "<group>"; };
		5D07E2B777EA9157C39E3927 /* libPods-RNHybirdTests.a */ = {isa = PBXFileReference; explicitFileType = archive.ar; includeInIndex = 0; path = "libPods-RNHybirdTests.a"; sourceTree = BUILT_PRODUCTS_DIR; };
		972F75226F63F74361269E77 /* Pods-RNHybirdUITests.debug.xcconfig */ = {isa = PBXFileReference; includeInIndex = 1; lastKnownFileType = text.xcconfig; name = "Pods-RNHybirdUITests.debug.xcconfig"; path = "Pods/Target Support Files/Pods-RNHybirdUITests/Pods-RNHybirdUITests.debug.xcconfig"; sourceTree = "<group>"; };
		A49130836D144BA336065414 /* Pods-RNHybirdTests.release.xcconfig */ = {isa = PBXFileReference; includeInIndex = 1; lastKnownFileType = text.xcconfig; name = "Pods-RNHybirdTests.release.xcconfig"; path = "Pods/Target Support Files/Pods-RNHybirdTests/Pods-RNHybirdTests.release.xcconfig"; sourceTree = "<group>"; };
		A82E3CB2D08A59355BE961D8 /* Pods-RNHybirdTests.debug.xcconfig */ = {isa = PBXFileReference; includeInIndex = 1; lastKnownFileType = text.xcconfig; name = "Pods-RNHybirdTests.debug.xcconfig"; path = "Pods/Target Support Files/Pods-RNHybirdTests/Pods-RNHybirdTests.debug.xcconfig"; sourceTree = "<group>"; };
		AE9A616EB3903878278268C9 /* libPods-RNHybird.a */ = {isa = PBXFileReference; explicitFileType = archive.ar; includeInIndex = 0; path = "libPods-RNHybird.a"; sourceTree = BUILT_PRODUCTS_DIR; };
		B2BF617F16486335E9139C7A /* Pods-RNHybird.release.xcconfig */ = {isa = PBXFileReference; includeInIndex = 1; lastKnownFileType = text.xcconfig; name = "Pods-RNHybird.release.xcconfig"; path = "Pods/Target Support Files/Pods-RNHybird/Pods-RNHybird.release.xcconfig"; sourceTree = "<group>"; };
		C00A1BC22011C90F0024DEBA /* RNBridgeModuleClient.h */ = {isa = PBXFileReference; lastKnownFileType = sourcecode.c.h; path = RNBridgeModuleClient.h; sourceTree = "<group>"; };
		C00A1BC32011C90F0024DEBA /* RNBridgeModuleClient.m */ = {isa = PBXFileReference; lastKnownFileType = sourcecode.c.objc; path = RNBridgeModuleClient.m; sourceTree = "<group>"; };
		C00A1BC52011CB440024DEBA /* RNMessageDispatcher.h */ = {isa = PBXFileReference; lastKnownFileType = sourcecode.c.h; path = RNMessageDispatcher.h; sourceTree = "<group>"; };
		C00A1BC62011CB440024DEBA /* RNMessageDispatcher.m */ = {isa = PBXFileReference; lastKnownFileType = sourcecode.c.objc; path = RNMessageDispatcher.m; sourceTree = "<group>"; };
		C00A1BCE2011D14D0024DEBA /* NSObject+GetRNMessageDispatcher.h */ = {isa = PBXFileReference; lastKnownFileType = sourcecode.c.h; path = "NSObject+GetRNMessageDispatcher.h"; sourceTree = "<group>"; };
		C00A1BCF2011D14D0024DEBA /* NSObject+GetRNMessageDispatcher.m */ = {isa = PBXFileReference; lastKnownFileType = sourcecode.c.objc; path = "NSObject+GetRNMessageDispatcher.m"; sourceTree = "<group>"; };
		C00A1BDF2015AE2B0024DEBA /* UIViewController+RNBridgeClient.h */ = {isa = PBXFileReference; lastKnownFileType = sourcecode.c.h; path = "UIViewController+RNBridgeClient.h"; sourceTree = "<group>"; };
		C00A1BE02015AE2B0024DEBA /* UIViewController+RNBridgeClient.m */ = {isa = PBXFileReference; lastKnownFileType = sourcecode.c.objc; path = "UIViewController+RNBridgeClient.m"; sourceTree = "<group>"; };
		C0489D3720118CE100794DF8 /* RNHybird.app */ = {isa = PBXFileReference; explicitFileType = wrapper.application; includeInIndex = 0; path = RNHybird.app; sourceTree = BUILT_PRODUCTS_DIR; };
		C0489D3A20118CE100794DF8 /* AppDelegate.h */ = {isa = PBXFileReference; lastKnownFileType = sourcecode.c.h; path = AppDelegate.h; sourceTree = "<group>"; };
		C0489D3B20118CE100794DF8 /* AppDelegate.m */ = {isa = PBXFileReference; lastKnownFileType = sourcecode.c.objc; path = AppDelegate.m; sourceTree = "<group>"; };
		C0489D3D20118CE100794DF8 /* ViewController.h */ = {isa = PBXFileReference; lastKnownFileType = sourcecode.c.h; path = ViewController.h; sourceTree = "<group>"; };
		C0489D3E20118CE100794DF8 /* ViewController.m */ = {isa = PBXFileReference; lastKnownFileType = sourcecode.c.objc; path = ViewController.m; sourceTree = "<group>"; };
		C0489D4120118CE100794DF8 /* Base */ = {isa = PBXFileReference; lastKnownFileType = file.storyboard; name = Base; path = Base.lproj/Main.storyboard; sourceTree = "<group>"; };
		C0489D4320118CE100794DF8 /* Assets.xcassets */ = {isa = PBXFileReference; lastKnownFileType = folder.assetcatalog; path = Assets.xcassets; sourceTree = "<group>"; };
		C0489D4620118CE100794DF8 /* Base */ = {isa = PBXFileReference; lastKnownFileType = file.storyboard; name = Base; path = Base.lproj/LaunchScreen.storyboard; sourceTree = "<group>"; };
		C0489D4820118CE100794DF8 /* Info.plist */ = {isa = PBXFileReference; lastKnownFileType = text.plist.xml; path = Info.plist; sourceTree = "<group>"; };
		C0489D4920118CE100794DF8 /* main.m */ = {isa = PBXFileReference; lastKnownFileType = sourcecode.c.objc; path = main.m; sourceTree = "<group>"; };
		C0489D4F20118CE100794DF8 /* RNHybirdTests.xctest */ = {isa = PBXFileReference; explicitFileType = wrapper.cfbundle; includeInIndex = 0; path = RNHybirdTests.xctest; sourceTree = BUILT_PRODUCTS_DIR; };
		C0489D5320118CE100794DF8 /* RNHybirdTests.m */ = {isa = PBXFileReference; lastKnownFileType = sourcecode.c.objc; path = RNHybirdTests.m; sourceTree = "<group>"; };
		C0489D5520118CE100794DF8 /* Info.plist */ = {isa = PBXFileReference; lastKnownFileType = text.plist.xml; path = Info.plist; sourceTree = "<group>"; };
		C0489D5A20118CE100794DF8 /* RNHybirdUITests.xctest */ = {isa = PBXFileReference; explicitFileType = wrapper.cfbundle; includeInIndex = 0; path = RNHybirdUITests.xctest; sourceTree = BUILT_PRODUCTS_DIR; };
		C0489D5E20118CE100794DF8 /* RNHybirdUITests.m */ = {isa = PBXFileReference; lastKnownFileType = sourcecode.c.objc; path = RNHybirdUITests.m; sourceTree = "<group>"; };
		C0489D6020118CE100794DF8 /* Info.plist */ = {isa = PBXFileReference; lastKnownFileType = text.plist.xml; path = Info.plist; sourceTree = "<group>"; };
		C0489E4120119A6700794DF8 /* libReact.a */ = {isa = PBXFileReference; explicitFileType = archive.ar; path = libReact.a; sourceTree = BUILT_PRODUCTS_DIR; };
		C0489E4320119A7700794DF8 /* libyoga.a */ = {isa = PBXFileReference; explicitFileType = archive.ar; path = libyoga.a; sourceTree = BUILT_PRODUCTS_DIR; };
		EA403C5AE3534BC909C8C109 /* libPods-RNHybirdUITests.a */ = {isa = PBXFileReference; explicitFileType = archive.ar; includeInIndex = 0; path = "libPods-RNHybirdUITests.a"; sourceTree = BUILT_PRODUCTS_DIR; };
		FF760AA9B3E55889FE20CFFF /* Pods-RNHybirdUITests.release.xcconfig */ = {isa = PBXFileReference; includeInIndex = 1; lastKnownFileType = text.xcconfig; name = "Pods-RNHybirdUITests.release.xcconfig"; path = "Pods/Target Support Files/Pods-RNHybirdUITests/Pods-RNHybirdUITests.release.xcconfig"; sourceTree = "<group>"; };
/* End PBXFileReference section */

/* Begin PBXFrameworksBuildPhase section */
		C0489D3420118CE100794DF8 /* Frameworks */ = {
			isa = PBXFrameworksBuildPhase;
			buildActionMask = 2147483647;
			files = (
				C0489E4020119A6700794DF8 /* libReact.a in Frameworks */,
				CBB5026F9BFC70FB862C11B6 /* libPods-RNHybird.a in Frameworks */,
			);
			runOnlyForDeploymentPostprocessing = 0;
		};
		C0489D4C20118CE100794DF8 /* Frameworks */ = {
			isa = PBXFrameworksBuildPhase;
			buildActionMask = 2147483647;
			files = (
				D3F7609CA46C9023D637F169 /* libPods-RNHybirdTests.a in Frameworks */,
			);
			runOnlyForDeploymentPostprocessing = 0;
		};
		C0489D5720118CE100794DF8 /* Frameworks */ = {
			isa = PBXFrameworksBuildPhase;
			buildActionMask = 2147483647;
			files = (
				B736ACED7E2A8E128F1E70F7 /* libPods-RNHybirdUITests.a in Frameworks */,
			);
			runOnlyForDeploymentPostprocessing = 0;
		};
/* End PBXFrameworksBuildPhase section */

/* Begin PBXGroup section */
		8CDFFD170DCAFECBB69A6B13 /* Pods */ = {
			isa = PBXGroup;
			children = (
				19B396471CF0D09BF38966C9 /* Pods-RNHybird.debug.xcconfig */,
				B2BF617F16486335E9139C7A /* Pods-RNHybird.release.xcconfig */,
				A82E3CB2D08A59355BE961D8 /* Pods-RNHybirdTests.debug.xcconfig */,
				A49130836D144BA336065414 /* Pods-RNHybirdTests.release.xcconfig */,
				972F75226F63F74361269E77 /* Pods-RNHybirdUITests.debug.xcconfig */,
				FF760AA9B3E55889FE20CFFF /* Pods-RNHybirdUITests.release.xcconfig */,
			);
			name = Pods;
			sourceTree = "<group>";
		};
		C0489D2E20118CE100794DF8 = {
			isa = PBXGroup;
			children = (
				C0489D3920118CE100794DF8 /* RNHybird */,
				C0489D5220118CE100794DF8 /* RNHybirdTests */,
				C0489D5D20118CE100794DF8 /* RNHybirdUITests */,
				C0489D3820118CE100794DF8 /* Products */,
				C0489E3420118FF900794DF8 /* Frameworks */,
				8CDFFD170DCAFECBB69A6B13 /* Pods */,
			);
			sourceTree = "<group>";
		};
		C0489D3820118CE100794DF8 /* Products */ = {
			isa = PBXGroup;
			children = (
				C0489D3720118CE100794DF8 /* RNHybird.app */,
				C0489D4F20118CE100794DF8 /* RNHybirdTests.xctest */,
				C0489D5A20118CE100794DF8 /* RNHybirdUITests.xctest */,
			);
			name = Products;
			sourceTree = "<group>";
		};
		C0489D3920118CE100794DF8 /* RNHybird */ = {
			isa = PBXGroup;
			children = (
				C0489D3A20118CE100794DF8 /* AppDelegate.h */,
				C0489D3B20118CE100794DF8 /* AppDelegate.m */,
				C00A1BC52011CB440024DEBA /* RNMessageDispatcher.h */,
				C00A1BC62011CB440024DEBA /* RNMessageDispatcher.m */,
				C0489D3D20118CE100794DF8 /* ViewController.h */,
				C0489D3E20118CE100794DF8 /* ViewController.m */,
				C00A1BDF2015AE2B0024DEBA /* UIViewController+RNBridgeClient.h */,
				C00A1BE02015AE2B0024DEBA /* UIViewController+RNBridgeClient.m */,
				C00A1BCE2011D14D0024DEBA /* NSObject+GetRNMessageDispatcher.h */,
				C00A1BCF2011D14D0024DEBA /* NSObject+GetRNMessageDispatcher.m */,
				C00A1BC22011C90F0024DEBA /* RNBridgeModuleClient.h */,
				C00A1BC32011C90F0024DEBA /* RNBridgeModuleClient.m */,
				C0489D4020118CE100794DF8 /* Main.storyboard */,
				C0489D4320118CE100794DF8 /* Assets.xcassets */,
				C0489D4520118CE100794DF8 /* LaunchScreen.storyboard */,
				C0489D4820118CE100794DF8 /* Info.plist */,
				C0489D4920118CE100794DF8 /* main.m */,
			);
			path = RNHybird;
			sourceTree = "<group>";
		};
		C0489D5220118CE100794DF8 /* RNHybirdTests */ = {
			isa = PBXGroup;
			children = (
				C0489D5320118CE100794DF8 /* RNHybirdTests.m */,
				C0489D5520118CE100794DF8 /* Info.plist */,
			);
			path = RNHybirdTests;
			sourceTree = "<group>";
		};
		C0489D5D20118CE100794DF8 /* RNHybirdUITests */ = {
			isa = PBXGroup;
			children = (
				C0489D5E20118CE100794DF8 /* RNHybirdUITests.m */,
				C0489D6020118CE100794DF8 /* Info.plist */,
			);
			path = RNHybirdUITests;
			sourceTree = "<group>";
		};
		C0489E3420118FF900794DF8 /* Frameworks */ = {
			isa = PBXGroup;
			children = (
				C0489E4320119A7700794DF8 /* libyoga.a */,
				C0489E4120119A6700794DF8 /* libReact.a */,
				AE9A616EB3903878278268C9 /* libPods-RNHybird.a */,
				5D07E2B777EA9157C39E3927 /* libPods-RNHybirdTests.a */,
				EA403C5AE3534BC909C8C109 /* libPods-RNHybirdUITests.a */,
			);
			name = Frameworks;
			sourceTree = "<group>";
		};
/* End PBXGroup section */

/* Begin PBXNativeTarget section */
		C0489D3620118CE100794DF8 /* RNHybird */ = {
			isa = PBXNativeTarget;
			buildConfigurationList = C0489D6320118CE100794DF8 /* Build configuration list for PBXNativeTarget "RNHybird" */;
			buildPhases = (
				E3C4E02984306FDE54FB2746 /* [CP] Check Pods Manifest.lock */,
				C0489D3320118CE100794DF8 /* Sources */,
				C0489D3420118CE100794DF8 /* Frameworks */,
				C0489D3520118CE100794DF8 /* Resources */,
				F82743D7AA98E0A9B409ADD9 /* [CP] Embed Pods Frameworks */,
				893DA3DD44A421FD178D8CF4 /* [CP] Copy Pods Resources */,
				C0489E3F201198BD00794DF8 /* ShellScript */,
			);
			buildRules = (
			);
			dependencies = (
			);
			name = RNHybird;
			productName = RNHybird;
			productReference = C0489D3720118CE100794DF8 /* RNHybird.app */;
			productType = "com.apple.product-type.application";
		};
		C0489D4E20118CE100794DF8 /* RNHybirdTests */ = {
			isa = PBXNativeTarget;
			buildConfigurationList = C0489D6620118CE100794DF8 /* Build configuration list for PBXNativeTarget "RNHybirdTests" */;
			buildPhases = (
				AAC600E8671562F7FC4912E2 /* [CP] Check Pods Manifest.lock */,
				C0489D4B20118CE100794DF8 /* Sources */,
				C0489D4C20118CE100794DF8 /* Frameworks */,
				C0489D4D20118CE100794DF8 /* Resources */,
				3F26F580F678D35749649E64 /* [CP] Embed Pods Frameworks */,
				B9514452BCD2E0F88380A026 /* [CP] Copy Pods Resources */,
			);
			buildRules = (
			);
			dependencies = (
				C0489D5120118CE100794DF8 /* PBXTargetDependency */,
			);
			name = RNHybirdTests;
			productName = RNHybirdTests;
			productReference = C0489D4F20118CE100794DF8 /* RNHybirdTests.xctest */;
			productType = "com.apple.product-type.bundle.unit-test";
		};
		C0489D5920118CE100794DF8 /* RNHybirdUITests */ = {
			isa = PBXNativeTarget;
			buildConfigurationList = C0489D6920118CE100794DF8 /* Build configuration list for PBXNativeTarget "RNHybirdUITests" */;
			buildPhases = (
				21F0819F58FAB296FDBC6900 /* [CP] Check Pods Manifest.lock */,
				C0489D5620118CE100794DF8 /* Sources */,
				C0489D5720118CE100794DF8 /* Frameworks */,
				C0489D5820118CE100794DF8 /* Resources */,
				15E91521AC3B1CAE019EBC78 /* [CP] Embed Pods Frameworks */,
				767355F061463EBD129260F7 /* [CP] Copy Pods Resources */,
			);
			buildRules = (
			);
			dependencies = (
				C0489D5C20118CE100794DF8 /* PBXTargetDependency */,
			);
			name = RNHybirdUITests;
			productName = RNHybirdUITests;
			productReference = C0489D5A20118CE100794DF8 /* RNHybirdUITests.xctest */;
			productType = "com.apple.product-type.bundle.ui-testing";
		};
/* End PBXNativeTarget section */

/* Begin PBXProject section */
		C0489D2F20118CE100794DF8 /* Project object */ = {
			isa = PBXProject;
			attributes = {
				LastUpgradeCheck = 0920;
				ORGANIZATIONNAME = cpbee;
				TargetAttributes = {
					C0489D3620118CE100794DF8 = {
						CreatedOnToolsVersion = 9.2;
						ProvisioningStyle = Automatic;
					};
					C0489D4E20118CE100794DF8 = {
						CreatedOnToolsVersion = 9.2;
						ProvisioningStyle = Automatic;
						TestTargetID = C0489D3620118CE100794DF8;
					};
					C0489D5920118CE100794DF8 = {
						CreatedOnToolsVersion = 9.2;
						ProvisioningStyle = Automatic;
						TestTargetID = C0489D3620118CE100794DF8;
					};
				};
			};
			buildConfigurationList = C0489D3220118CE100794DF8 /* Build configuration list for PBXProject "RNHybird" */;
			compatibilityVersion = "Xcode 8.0";
			developmentRegion = en;
			hasScannedForEncodings = 0;
			knownRegions = (
				en,
				Base,
			);
			mainGroup = C0489D2E20118CE100794DF8;
			productRefGroup = C0489D3820118CE100794DF8 /* Products */;
			projectDirPath = "";
			projectRoot = "";
			targets = (
				C0489D3620118CE100794DF8 /* RNHybird */,
				C0489D4E20118CE100794DF8 /* RNHybirdTests */,
				C0489D5920118CE100794DF8 /* RNHybirdUITests */,
			);
		};
/* End PBXProject section */

/* Begin PBXResourcesBuildPhase section */
		C0489D3520118CE100794DF8 /* Resources */ = {
			isa = PBXResourcesBuildPhase;
			buildActionMask = 2147483647;
			files = (
				C0489D4720118CE100794DF8 /* LaunchScreen.storyboard in Resources */,
				C0489D4420118CE100794DF8 /* Assets.xcassets in Resources */,
				C0489D4220118CE100794DF8 /* Main.storyboard in Resources */,
			);
			runOnlyForDeploymentPostprocessing = 0;
		};
		C0489D4D20118CE100794DF8 /* Resources */ = {
			isa = PBXResourcesBuildPhase;
			buildActionMask = 2147483647;
			files = (
			);
			runOnlyForDeploymentPostprocessing = 0;
		};
		C0489D5820118CE100794DF8 /* Resources */ = {
			isa = PBXResourcesBuildPhase;
			buildActionMask = 2147483647;
			files = (
			);
			runOnlyForDeploymentPostprocessing = 0;
		};
/* End PBXResourcesBuildPhase section */

/* Begin PBXShellScriptBuildPhase section */
		15E91521AC3B1CAE019EBC78 /* [CP] Embed Pods Frameworks */ = {
			isa = PBXShellScriptBuildPhase;
			buildActionMask = 2147483647;
			files = (
			);
			inputPaths = (
			);
			name = "[CP] Embed Pods Frameworks";
			outputPaths = (
			);
			runOnlyForDeploymentPostprocessing = 0;
			shellPath = /bin/sh;
			shellScript = "\"${SRCROOT}/Pods/Target Support Files/Pods-RNHybirdUITests/Pods-RNHybirdUITests-frameworks.sh\"\n";
			showEnvVarsInLog = 0;
		};
		21F0819F58FAB296FDBC6900 /* [CP] Check Pods Manifest.lock */ = {
			isa = PBXShellScriptBuildPhase;
			buildActionMask = 2147483647;
			files = (
			);
			inputPaths = (
				"${PODS_PODFILE_DIR_PATH}/Podfile.lock",
				"${PODS_ROOT}/Manifest.lock",
			);
			name = "[CP] Check Pods Manifest.lock";
			outputPaths = (
				"$(DERIVED_FILE_DIR)/Pods-RNHybirdUITests-checkManifestLockResult.txt",
			);
			runOnlyForDeploymentPostprocessing = 0;
			shellPath = /bin/sh;
			shellScript = "diff \"${PODS_PODFILE_DIR_PATH}/Podfile.lock\" \"${PODS_ROOT}/Manifest.lock\" > /dev/null\nif [ $? != 0 ] ; then\n    # print error to STDERR\n    echo \"error: The sandbox is not in sync with the Podfile.lock. Run 'pod install' or update your CocoaPods installation.\" >&2\n    exit 1\nfi\n# This output is used by Xcode 'outputs' to avoid re-running this script phase.\necho \"SUCCESS\" > \"${SCRIPT_OUTPUT_FILE_0}\"\n";
			showEnvVarsInLog = 0;
		};
		3F26F580F678D35749649E64 /* [CP] Embed Pods Frameworks */ = {
			isa = PBXShellScriptBuildPhase;
			buildActionMask = 2147483647;
			files = (
			);
			inputPaths = (
			);
			name = "[CP] Embed Pods Frameworks";
			outputPaths = (
			);
			runOnlyForDeploymentPostprocessing = 0;
			shellPath = /bin/sh;
			shellScript = "\"${SRCROOT}/Pods/Target Support Files/Pods-RNHybirdTests/Pods-RNHybirdTests-frameworks.sh\"\n";
			showEnvVarsInLog = 0;
		};
		767355F061463EBD129260F7 /* [CP] Copy Pods Resources */ = {
			isa = PBXShellScriptBuildPhase;
			buildActionMask = 2147483647;
			files = (
			);
			inputPaths = (
			);
			name = "[CP] Copy Pods Resources";
			outputPaths = (
			);
			runOnlyForDeploymentPostprocessing = 0;
			shellPath = /bin/sh;
			shellScript = "\"${SRCROOT}/Pods/Target Support Files/Pods-RNHybirdUITests/Pods-RNHybirdUITests-resources.sh\"\n";
			showEnvVarsInLog = 0;
		};
		893DA3DD44A421FD178D8CF4 /* [CP] Copy Pods Resources */ = {
			isa = PBXShellScriptBuildPhase;
			buildActionMask = 2147483647;
			files = (
			);
			inputPaths = (
			);
			name = "[CP] Copy Pods Resources";
			outputPaths = (
			);
			runOnlyForDeploymentPostprocessing = 0;
			shellPath = /bin/sh;
			shellScript = "\"${SRCROOT}/Pods/Target Support Files/Pods-RNHybird/Pods-RNHybird-resources.sh\"\n";
			showEnvVarsInLog = 0;
		};
		AAC600E8671562F7FC4912E2 /* [CP] Check Pods Manifest.lock */ = {
			isa = PBXShellScriptBuildPhase;
			buildActionMask = 2147483647;
			files = (
			);
			inputPaths = (
				"${PODS_PODFILE_DIR_PATH}/Podfile.lock",
				"${PODS_ROOT}/Manifest.lock",
			);
			name = "[CP] Check Pods Manifest.lock";
			outputPaths = (
				"$(DERIVED_FILE_DIR)/Pods-RNHybirdTests-checkManifestLockResult.txt",
			);
			runOnlyForDeploymentPostprocessing = 0;
			shellPath = /bin/sh;
			shellScript = "diff \"${PODS_PODFILE_DIR_PATH}/Podfile.lock\" \"${PODS_ROOT}/Manifest.lock\" > /dev/null\nif [ $? != 0 ] ; then\n    # print error to STDERR\n    echo \"error: The sandbox is not in sync with the Podfile.lock. Run 'pod install' or update your CocoaPods installation.\" >&2\n    exit 1\nfi\n# This output is used by Xcode 'outputs' to avoid re-running this script phase.\necho \"SUCCESS\" > \"${SCRIPT_OUTPUT_FILE_0}\"\n";
			showEnvVarsInLog = 0;
		};
		B9514452BCD2E0F88380A026 /* [CP] Copy Pods Resources */ = {
			isa = PBXShellScriptBuildPhase;
			buildActionMask = 2147483647;
			files = (
			);
			inputPaths = (
			);
			name = "[CP] Copy Pods Resources";
			outputPaths = (
			);
			runOnlyForDeploymentPostprocessing = 0;
			shellPath = /bin/sh;
			shellScript = "\"${SRCROOT}/Pods/Target Support Files/Pods-RNHybirdTests/Pods-RNHybirdTests-resources.sh\"\n";
			showEnvVarsInLog = 0;
		};
		C0489E3F201198BD00794DF8 /* ShellScript */ = {
			isa = PBXShellScriptBuildPhase;
			buildActionMask = 2147483647;
			files = (
			);
			inputPaths = (
			);
			outputPaths = (
			);
			runOnlyForDeploymentPostprocessing = 0;
			shellPath = /bin/sh;
			shellScript = "export NODE_BINARY=node\n./ReactComponent/node_modules/react-native/scripts/react-native-xcode.sh\n";
		};
		E3C4E02984306FDE54FB2746 /* [CP] Check Pods Manifest.lock */ = {
			isa = PBXShellScriptBuildPhase;
			buildActionMask = 2147483647;
			files = (
			);
			inputPaths = (
				"${PODS_PODFILE_DIR_PATH}/Podfile.lock",
				"${PODS_ROOT}/Manifest.lock",
			);
			name = "[CP] Check Pods Manifest.lock";
			outputPaths = (
				"$(DERIVED_FILE_DIR)/Pods-RNHybird-checkManifestLockResult.txt",
			);
			runOnlyForDeploymentPostprocessing = 0;
			shellPath = /bin/sh;
			shellScript = "diff \"${PODS_PODFILE_DIR_PATH}/Podfile.lock\" \"${PODS_ROOT}/Manifest.lock\" > /dev/null\nif [ $? != 0 ] ; then\n    # print error to STDERR\n    echo \"error: The sandbox is not in sync with the Podfile.lock. Run 'pod install' or update your CocoaPods installation.\" >&2\n    exit 1\nfi\n# This output is used by Xcode 'outputs' to avoid re-running this script phase.\necho \"SUCCESS\" > \"${SCRIPT_OUTPUT_FILE_0}\"\n";
			showEnvVarsInLog = 0;
		};
		F82743D7AA98E0A9B409ADD9 /* [CP] Embed Pods Frameworks */ = {
			isa = PBXShellScriptBuildPhase;
			buildActionMask = 2147483647;
			files = (
			);
			inputPaths = (
			);
			name = "[CP] Embed Pods Frameworks";
			outputPaths = (
			);
			runOnlyForDeploymentPostprocessing = 0;
			shellPath = /bin/sh;
			shellScript = "\"${SRCROOT}/Pods/Target Support Files/Pods-RNHybird/Pods-RNHybird-frameworks.sh\"\n";
			showEnvVarsInLog = 0;
		};
/* End PBXShellScriptBuildPhase section */

/* Begin PBXSourcesBuildPhase section */
		C0489D3320118CE100794DF8 /* Sources */ = {
			isa = PBXSourcesBuildPhase;
			buildActionMask = 2147483647;
			files = (
				C00A1BE12015AE2B0024DEBA /* UIViewController+RNBridgeClient.m in Sources */,
				C0489D3F20118CE100794DF8 /* ViewController.m in Sources */,
				C0489D4A20118CE100794DF8 /* main.m in Sources */,
				C00A1BC72011CB440024DEBA /* RNMessageDispatcher.m in Sources */,
				C0489D3C20118CE100794DF8 /* AppDelegate.m in Sources */,
				C00A1BD02011D14D0024DEBA /* NSObject+GetRNMessageDispatcher.m in Sources */,
				C00A1BC42011C90F0024DEBA /* RNBridgeModuleClient.m in Sources */,
			);
			runOnlyForDeploymentPostprocessing = 0;
		};
		C0489D4B20118CE100794DF8 /* Sources */ = {
			isa = PBXSourcesBuildPhase;
			buildActionMask = 2147483647;
			files = (
				C0489D5420118CE100794DF8 /* RNHybirdTests.m in Sources */,
			);
			runOnlyForDeploymentPostprocessing = 0;
		};
		C0489D5620118CE100794DF8 /* Sources */ = {
			isa = PBXSourcesBuildPhase;
			buildActionMask = 2147483647;
			files = (
				C0489D5F20118CE100794DF8 /* RNHybirdUITests.m in Sources */,
			);
			runOnlyForDeploymentPostprocessing = 0;
		};
/* End PBXSourcesBuildPhase section */

/* Begin PBXTargetDependency section */
		C0489D5120118CE100794DF8 /* PBXTargetDependency */ = {
			isa = PBXTargetDependency;
			target = C0489D3620118CE100794DF8 /* RNHybird */;
			targetProxy = C0489D5020118CE100794DF8 /* PBXContainerItemProxy */;
		};
		C0489D5C20118CE100794DF8 /* PBXTargetDependency */ = {
			isa = PBXTargetDependency;
			target = C0489D3620118CE100794DF8 /* RNHybird */;
			targetProxy = C0489D5B20118CE100794DF8 /* PBXContainerItemProxy */;
		};
/* End PBXTargetDependency section */

/* Begin PBXVariantGroup section */
		C0489D4020118CE100794DF8 /* Main.storyboard */ = {
			isa = PBXVariantGroup;
			children = (
				C0489D4120118CE100794DF8 /* Base */,
			);
			name = Main.storyboard;
			sourceTree = "<group>";
		};
		C0489D4520118CE100794DF8 /* LaunchScreen.storyboard */ = {
			isa = PBXVariantGroup;
			children = (
				C0489D4620118CE100794DF8 /* Base */,
			);
			name = LaunchScreen.storyboard;
			sourceTree = "<group>";
		};
/* End PBXVariantGroup section */

/* Begin XCBuildConfiguration section */
		C0489D6120118CE100794DF8 /* Debug */ = {
			isa = XCBuildConfiguration;
			buildSettings = {
				ALWAYS_SEARCH_USER_PATHS = NO;
				CLANG_ANALYZER_NONNULL = YES;
				CLANG_ANALYZER_NUMBER_OBJECT_CONVERSION = YES_AGGRESSIVE;
				CLANG_CXX_LANGUAGE_STANDARD = "gnu++14";
				CLANG_CXX_LIBRARY = "libc++";
				CLANG_ENABLE_MODULES = YES;
				CLANG_ENABLE_OBJC_ARC = YES;
				CLANG_WARN_BLOCK_CAPTURE_AUTORELEASING = YES;
				CLANG_WARN_BOOL_CONVERSION = YES;
				CLANG_WARN_COMMA = YES;
				CLANG_WARN_CONSTANT_CONVERSION = YES;
				CLANG_WARN_DIRECT_OBJC_ISA_USAGE = YES_ERROR;
				CLANG_WARN_DOCUMENTATION_COMMENTS = YES;
				CLANG_WARN_EMPTY_BODY = YES;
				CLANG_WARN_ENUM_CONVERSION = YES;
				CLANG_WARN_INFINITE_RECURSION = YES;
				CLANG_WARN_INT_CONVERSION = YES;
				CLANG_WARN_NON_LITERAL_NULL_CONVERSION = YES;
				CLANG_WARN_OBJC_LITERAL_CONVERSION = YES;
				CLANG_WARN_OBJC_ROOT_CLASS = YES_ERROR;
				CLANG_WARN_RANGE_LOOP_ANALYSIS = YES;
				CLANG_WARN_STRICT_PROTOTYPES = YES;
				CLANG_WARN_SUSPICIOUS_MOVE = YES;
				CLANG_WARN_UNGUARDED_AVAILABILITY = YES_AGGRESSIVE;
				CLANG_WARN_UNREACHABLE_CODE = YES;
				CLANG_WARN__DUPLICATE_METHOD_MATCH = YES;
				CODE_SIGN_IDENTITY = "iPhone Developer";
				COPY_PHASE_STRIP = NO;
				DEBUG_INFORMATION_FORMAT = dwarf;
				ENABLE_STRICT_OBJC_MSGSEND = YES;
				ENABLE_TESTABILITY = YES;
				GCC_C_LANGUAGE_STANDARD = gnu11;
				GCC_DYNAMIC_NO_PIC = NO;
				GCC_NO_COMMON_BLOCKS = YES;
				GCC_OPTIMIZATION_LEVEL = 0;
				GCC_PREPROCESSOR_DEFINITIONS = (
					"DEBUG=1",
					"$(inherited)",
				);
				GCC_WARN_64_TO_32_BIT_CONVERSION = YES;
				GCC_WARN_ABOUT_RETURN_TYPE = YES_ERROR;
				GCC_WARN_UNDECLARED_SELECTOR = YES;
				GCC_WARN_UNINITIALIZED_AUTOS = YES_AGGRESSIVE;
				GCC_WARN_UNUSED_FUNCTION = YES;
				GCC_WARN_UNUSED_VARIABLE = YES;
				IPHONEOS_DEPLOYMENT_TARGET = 11.2;
				MTL_ENABLE_DEBUG_INFO = YES;
				ONLY_ACTIVE_ARCH = YES;
				SDKROOT = iphoneos;
			};
			name = Debug;
		};
		C0489D6220118CE100794DF8 /* Release */ = {
			isa = XCBuildConfiguration;
			buildSettings = {
				ALWAYS_SEARCH_USER_PATHS = NO;
				CLANG_ANALYZER_NONNULL = YES;
				CLANG_ANALYZER_NUMBER_OBJECT_CONVERSION = YES_AGGRESSIVE;
				CLANG_CXX_LANGUAGE_STANDARD = "gnu++14";
				CLANG_CXX_LIBRARY = "libc++";
				CLANG_ENABLE_MODULES = YES;
				CLANG_ENABLE_OBJC_ARC = YES;
				CLANG_WARN_BLOCK_CAPTURE_AUTORELEASING = YES;
				CLANG_WARN_BOOL_CONVERSION = YES;
				CLANG_WARN_COMMA = YES;
				CLANG_WARN_CONSTANT_CONVERSION = YES;
				CLANG_WARN_DIRECT_OBJC_ISA_USAGE = YES_ERROR;
				CLANG_WARN_DOCUMENTATION_COMMENTS = YES;
				CLANG_WARN_EMPTY_BODY = YES;
				CLANG_WARN_ENUM_CONVERSION = YES;
				CLANG_WARN_INFINITE_RECURSION = YES;
				CLANG_WARN_INT_CONVERSION = YES;
				CLANG_WARN_NON_LITERAL_NULL_CONVERSION = YES;
				CLANG_WARN_OBJC_LITERAL_CONVERSION = YES;
				CLANG_WARN_OBJC_ROOT_CLASS = YES_ERROR;
				CLANG_WARN_RANGE_LOOP_ANALYSIS = YES;
				CLANG_WARN_STRICT_PROTOTYPES = YES;
				CLANG_WARN_SUSPICIOUS_MOVE = YES;
				CLANG_WARN_UNGUARDED_AVAILABILITY = YES_AGGRESSIVE;
				CLANG_WARN_UNREACHABLE_CODE = YES;
				CLANG_WARN__DUPLICATE_METHOD_MATCH = YES;
				CODE_SIGN_IDENTITY = "iPhone Developer";
				COPY_PHASE_STRIP = NO;
				DEBUG_INFORMATION_FORMAT = "dwarf-with-dsym";
				ENABLE_NS_ASSERTIONS = NO;
				ENABLE_STRICT_OBJC_MSGSEND = YES;
				GCC_C_LANGUAGE_STANDARD = gnu11;
				GCC_NO_COMMON_BLOCKS = YES;
				GCC_WARN_64_TO_32_BIT_CONVERSION = YES;
				GCC_WARN_ABOUT_RETURN_TYPE = YES_ERROR;
				GCC_WARN_UNDECLARED_SELECTOR = YES;
				GCC_WARN_UNINITIALIZED_AUTOS = YES_AGGRESSIVE;
				GCC_WARN_UNUSED_FUNCTION = YES;
				GCC_WARN_UNUSED_VARIABLE = YES;
				IPHONEOS_DEPLOYMENT_TARGET = 11.2;
				MTL_ENABLE_DEBUG_INFO = NO;
				SDKROOT = iphoneos;
				VALIDATE_PRODUCT = YES;
			};
			name = Release;
		};
		C0489D6420118CE100794DF8 /* Debug */ = {
			isa = XCBuildConfiguration;
			baseConfigurationReference = 19B396471CF0D09BF38966C9 /* Pods-RNHybird.debug.xcconfig */;
			buildSettings = {
				ASSETCATALOG_COMPILER_APPICON_NAME = AppIcon;
				CODE_SIGN_STYLE = Automatic;
				DEVELOPMENT_TEAM = T37346B46H;
				HEADER_SEARCH_PATHS = (
					"$(inherited)",
					"\"${PODS_ROOT}/Headers/Public\"/**",
					"\"${PODS_ROOT}/Headers/Public/React\"/**",
					"\"${PODS_ROOT}/Headers/Public/yoga\"/**",
					"\"$(PODS_ROOT)/React/React\"/**",
				);
				INFOPLIST_FILE = RNHybird/Info.plist;
				IPHONEOS_DEPLOYMENT_TARGET = 9.0;
				LD_RUNPATH_SEARCH_PATHS = "$(inherited) @executable_path/Frameworks";
				LIBRARY_SEARCH_PATHS = (
					"$(inherited)",
					"\"${PODS_ROOT}/Headers/Public/React\"/**",
				);
				OTHER_LDFLAGS = (
					"$(inherited)",
					"-lc++",
					"-ObjC",
					"-l\"React\"",
					"-l\"stdc++\"",
					"-l\"yoga\"",
					"-framework",
					"\"JavaScriptCore\"",
				);
				PRODUCT_BUNDLE_IDENTIFIER = com.cpbee.RNHybird;
				PRODUCT_NAME = "$(TARGET_NAME)";
				TARGETED_DEVICE_FAMILY = "1,2";
				USER_HEADER_SEARCH_PATHS = "\"${PODS_ROOT}/Headers/Public/React\"/**";
			};
			name = Debug;
		};
		C0489D6520118CE100794DF8 /* Release */ = {
			isa = XCBuildConfiguration;
			baseConfigurationReference = B2BF617F16486335E9139C7A /* Pods-RNHybird.release.xcconfig */;
			buildSettings = {
				ASSETCATALOG_COMPILER_APPICON_NAME = AppIcon;
				CODE_SIGN_STYLE = Automatic;
				DEVELOPMENT_TEAM = T37346B46H;
				HEADER_SEARCH_PATHS = (
					"$(inherited)",
					"\"${PODS_ROOT}/Headers/Public\"/**",
					"\"${PODS_ROOT}/Headers/Public/React\"/**",
					"\"${PODS_ROOT}/Headers/Public/yoga\"/**",
					"\"$(PODS_ROOT)/React/React\"/**",
				);
				INFOPLIST_FILE = RNHybird/Info.plist;
				IPHONEOS_DEPLOYMENT_TARGET = 9.0;
				LD_RUNPATH_SEARCH_PATHS = "$(inherited) @executable_path/Frameworks";
				LIBRARY_SEARCH_PATHS = (
					"$(inherited)",
					"\"${PODS_ROOT}/Headers/Public/React\"/**",
				);
				OTHER_LDFLAGS = (
					"$(inherited)",
					"-lc++",
					"-ObjC",
					"-l\"React\"",
					"-l\"stdc++\"",
					"-l\"yoga\"",
					"-framework",
					"\"JavaScriptCore\"",
				);
				PRODUCT_BUNDLE_IDENTIFIER = com.cpbee.RNHybird;
				PRODUCT_NAME = "$(TARGET_NAME)";
				TARGETED_DEVICE_FAMILY = "1,2";
				USER_HEADER_SEARCH_PATHS = "\"${PODS_ROOT}/Headers/Public/React\"/**";
			};
			name = Release;
		};
		C0489D6720118CE100794DF8 /* Debug */ = {
			isa = XCBuildConfiguration;
			baseConfigurationReference = A82E3CB2D08A59355BE961D8 /* Pods-RNHybirdTests.debug.xcconfig */;
			buildSettings = {
				BUNDLE_LOADER = "$(TEST_HOST)";
				CODE_SIGN_STYLE = Automatic;
				DEVELOPMENT_TEAM = T37346B46H;
				INFOPLIST_FILE = RNHybirdTests/Info.plist;
				LD_RUNPATH_SEARCH_PATHS = "$(inherited) @executable_path/Frameworks @loader_path/Frameworks";
				PRODUCT_BUNDLE_IDENTIFIER = com.cpbee.RNHybirdTests;
				PRODUCT_NAME = "$(TARGET_NAME)";
				TARGETED_DEVICE_FAMILY = "1,2";
				TEST_HOST = "$(BUILT_PRODUCTS_DIR)/RNHybird.app/RNHybird";
			};
			name = Debug;
		};
		C0489D6820118CE100794DF8 /* Release */ = {
			isa = XCBuildConfiguration;
			baseConfigurationReference = A49130836D144BA336065414 /* Pods-RNHybirdTests.release.xcconfig */;
			buildSettings = {
				BUNDLE_LOADER = "$(TEST_HOST)";
				CODE_SIGN_STYLE = Automatic;
				DEVELOPMENT_TEAM = T37346B46H;
				INFOPLIST_FILE = RNHybirdTests/Info.plist;
				LD_RUNPATH_SEARCH_PATHS = "$(inherited) @executable_path/Frameworks @loader_path/Frameworks";
				PRODUCT_BUNDLE_IDENTIFIER = com.cpbee.RNHybirdTests;
				PRODUCT_NAME = "$(TARGET_NAME)";
				TARGETED_DEVICE_FAMILY = "1,2";
				TEST_HOST = "$(BUILT_PRODUCTS_DIR)/RNHybird.app/RNHybird";
			};
			name = Release;
		};
		C0489D6A20118CE100794DF8 /* Debug */ = {
			isa = XCBuildConfiguration;
			baseConfigurationReference = 972F75226F63F74361269E77 /* Pods-RNHybirdUITests.debug.xcconfig */;
			buildSettings = {
				CODE_SIGN_STYLE = Automatic;
				DEVELOPMENT_TEAM = T37346B46H;
				INFOPLIST_FILE = RNHybirdUITests/Info.plist;
				LD_RUNPATH_SEARCH_PATHS = "$(inherited) @executable_path/Frameworks @loader_path/Frameworks";
				PRODUCT_BUNDLE_IDENTIFIER = com.cpbee.RNHybirdUITests;
				PRODUCT_NAME = "$(TARGET_NAME)";
				TARGETED_DEVICE_FAMILY = "1,2";
				TEST_TARGET_NAME = RNHybird;
			};
			name = Debug;
		};
		C0489D6B20118CE100794DF8 /* Release */ = {
			isa = XCBuildConfiguration;
			baseConfigurationReference = FF760AA9B3E55889FE20CFFF /* Pods-RNHybirdUITests.release.xcconfig */;
			buildSettings = {
				CODE_SIGN_STYLE = Automatic;
				DEVELOPMENT_TEAM = T37346B46H;
				INFOPLIST_FILE = RNHybirdUITests/Info.plist;
				LD_RUNPATH_SEARCH_PATHS = "$(inherited) @executable_path/Frameworks @loader_path/Frameworks";
				PRODUCT_BUNDLE_IDENTIFIER = com.cpbee.RNHybirdUITests;
				PRODUCT_NAME = "$(TARGET_NAME)";
				TARGETED_DEVICE_FAMILY = "1,2";
				TEST_TARGET_NAME = RNHybird;
			};
			name = Release;
		};
/* End XCBuildConfiguration section */

/* Begin XCConfigurationList section */
		C0489D3220118CE100794DF8 /* Build configuration list for PBXProject "RNHybird" */ = {
			isa = XCConfigurationList;
			buildConfigurations = (
				C0489D6120118CE100794DF8 /* Debug */,
				C0489D6220118CE100794DF8 /* Release */,
			);
			defaultConfigurationIsVisible = 0;
			defaultConfigurationName = Release;
		};
		C0489D6320118CE100794DF8 /* Build configuration list for PBXNativeTarget "RNHybird" */ = {
			isa = XCConfigurationList;
			buildConfigurations = (
				C0489D6420118CE100794DF8 /* Debug */,
				C0489D6520118CE100794DF8 /* Release */,
			);
			defaultConfigurationIsVisible = 0;
			defaultConfigurationName = Release;
		};
		C0489D6620118CE100794DF8 /* Build configuration list for PBXNativeTarget "RNHybirdTests" */ = {
			isa = XCConfigurationList;
			buildConfigurations = (
				C0489D6720118CE100794DF8 /* Debug */,
				C0489D6820118CE100794DF8 /* Release */,
			);
			defaultConfigurationIsVisible = 0;
			defaultConfigurationName = Release;
		};
		C0489D6920118CE100794DF8 /* Build configuration list for PBXNativeTarget "RNHybirdUITests" */ = {
			isa = XCConfigurationList;
			buildConfigurations = (
				C0489D6A20118CE100794DF8 /* Debug */,
				C0489D6B20118CE100794DF8 /* Release */,
			);
			defaultConfigurationIsVisible = 0;
			defaultConfigurationName = Release;
		};
/* End XCConfigurationList section */
	};
	rootObject = C0489D2F20118CE100794DF8 /* Project object */;
}
